// !$*UTF8*$!
{
	archiveVersion = 1;
	classes = {
	};
	objectVersion = 50;
	objects = {

/* Begin PBXBuildFile section */
		F493F27524BF7FBE00CEE9EB /* AppDelegate.swift in Sources */ = {isa = PBXBuildFile; fileRef = F493F27424BF7FBE00CEE9EB /* AppDelegate.swift */; };
		F493F27724BF7FBE00CEE9EB /* SceneDelegate.swift in Sources */ = {isa = PBXBuildFile; fileRef = F493F27624BF7FBE00CEE9EB /* SceneDelegate.swift */; };
		F493F27924BF7FBE00CEE9EB /* ContentView.swift in Sources */ = {isa = PBXBuildFile; fileRef = F493F27824BF7FBE00CEE9EB /* ContentView.swift */; };
		F493F27B24BF7FBF00CEE9EB /* Assets.xcassets in Resources */ = {isa = PBXBuildFile; fileRef = F493F27A24BF7FBF00CEE9EB /* Assets.xcassets */; };
		F493F27E24BF7FBF00CEE9EB /* Preview Assets.xcassets in Resources */ = {isa = PBXBuildFile; fileRef = F493F27D24BF7FBF00CEE9EB /* Preview Assets.xcassets */; };
		F493F28124BF7FBF00CEE9EB /* LaunchScreen.storyboard in Resources */ = {isa = PBXBuildFile; fileRef = F493F27F24BF7FBF00CEE9EB /* LaunchScreen.storyboard */; };
		F493F28A24BF864100CEE9EB /* Caveat-Bold.ttf in Resources */ = {isa = PBXBuildFile; fileRef = F493F28924BF864100CEE9EB /* Caveat-Bold.ttf */; };
		F493F29024BF91A000CEE9EB /* InfoView.swift in Sources */ = {isa = PBXBuildFile; fileRef = F493F28F24BF91A000CEE9EB /* InfoView.swift */; };
/* End PBXBuildFile section */

/* Begin PBXFileReference section */
		F493F27124BF7FBE00CEE9EB /* BusinessCardSwiftUI.app */ = {isa = PBXFileReference; explicitFileType = wrapper.application; includeInIndex = 0; path = BusinessCardSwiftUI.app; sourceTree = BUILT_PRODUCTS_DIR; };
		F493F27424BF7FBE00CEE9EB /* AppDelegate.swift */ = {isa = PBXFileReference; lastKnownFileType = sourcecode.swift; path = AppDelegate.swift; sourceTree = "<group>"; };
		F493F27624BF7FBE00CEE9EB /* SceneDelegate.swift */ = {isa = PBXFileReference; lastKnownFileType = sourcecode.swift; path = SceneDelegate.swift; sourceTree = "<group>"; };
		F493F27824BF7FBE00CEE9EB /* ContentView.swift */ = {isa = PBXFileReference; lastKnownFileType = sourcecode.swift; path = ContentView.swift; sourceTree = "<group>"; };
		F493F27A24BF7FBF00CEE9EB /* Assets.xcassets */ = {isa = PBXFileReference; lastKnownFileType = folder.assetcatalog; path = Assets.xcassets; sourceTree = "<group>"; };
		F493F27D24BF7FBF00CEE9EB /* Preview Assets.xcassets */ = {isa = PBXFileReference; lastKnownFileType = folder.assetcatalog; path = "Preview Assets.xcassets"; sourceTree = "<group>"; };
		F493F28024BF7FBF00CEE9EB /* Base */ = {isa = PBXFileReference; lastKnownFileType = file.storyboard; name = Base; path = Base.lproj/LaunchScreen.storyboard; sourceTree = "<group>"; };
		F493F28224BF7FBF00CEE9EB /* Info.plist */ = {isa = PBXFileReference; lastKnownFileType = text.plist.xml; path = Info.plist; sourceTree = "<group>"; };
		F493F28924BF864100CEE9EB /* Caveat-Bold.ttf */ = {isa = PBXFileReference; lastKnownFileType = file; path = "Caveat-Bold.ttf"; sourceTree = "<group>"; };
		F493F28F24BF91A000CEE9EB /* InfoView.swift */ = {isa = PBXFileReference; lastKnownFileType = sourcecode.swift; path = InfoView.swift; sourceTree = "<group>"; };
/* End PBXFileReference section */

/* Begin PBXFrameworksBuildPhase section */
		F493F26E24BF7FBD00CEE9EB /* Frameworks */ = {
			isa = PBXFrameworksBuildPhase;
			buildActionMask = 2147483647;
			files = (
			);
			runOnlyForDeploymentPostprocessing = 0;
		};
/* End PBXFrameworksBuildPhase section */

/* Begin PBXGroup section */
		F493F26824BF7FBD00CEE9EB = {
			isa = PBXGroup;
			children = (
				F493F27324BF7FBE00CEE9EB /* BusinessCardSwiftUI */,
				F493F27224BF7FBE00CEE9EB /* Products */,
			);
			sourceTree = "<group>";
		};
		F493F27224BF7FBE00CEE9EB /* Products */ = {
			isa = PBXGroup;
			children = (
				F493F27124BF7FBE00CEE9EB /* BusinessCardSwiftUI.app */,
			);
			name = Products;
			sourceTree = "<group>";
		};
		F493F27324BF7FBE00CEE9EB /* BusinessCardSwiftUI */ = {
			isa = PBXGroup;
			children = (
				F493F28824BF862800CEE9EB /* fonts */,
				F493F27424BF7FBE00CEE9EB /* AppDelegate.swift */,
				F493F27624BF7FBE00CEE9EB /* SceneDelegate.swift */,
				F493F27824BF7FBE00CEE9EB /* ContentView.swift */,
				F493F27A24BF7FBF00CEE9EB /* Assets.xcassets */,
				F493F27F24BF7FBF00CEE9EB /* LaunchScreen.storyboard */,
				F493F28224BF7FBF00CEE9EB /* Info.plist */,
				F493F27C24BF7FBF00CEE9EB /* Preview Content */,
				F493F28F24BF91A000CEE9EB /* InfoView.swift */,
			);
			path = BusinessCardSwiftUI;
			sourceTree = "<group>";
		};
		F493F27C24BF7FBF00CEE9EB /* Preview Content */ = {
			isa = PBXGroup;
			children = (
				F493F27D24BF7FBF00CEE9EB /* Preview Assets.xcassets */,
			);
			path = "Preview Content";
			sourceTree = "<group>";
		};
		F493F28824BF862800CEE9EB /* fonts */ = {
			isa = PBXGroup;
			children = (
				F493F28924BF864100CEE9EB /* Caveat-Bold.ttf */,
			);
			path = fonts;
			sourceTree = "<group>";
		};
/* End PBXGroup section */

/* Begin PBXNativeTarget section */
		F493F27024BF7FBD00CEE9EB /* BusinessCardSwiftUI */ = {
			isa = PBXNativeTarget;
			buildConfigurationList = F493F28524BF7FBF00CEE9EB /* Build configuration list for PBXNativeTarget "BusinessCardSwiftUI" */;
			buildPhases = (
				F493F26D24BF7FBD00CEE9EB /* Sources */,
				F493F26E24BF7FBD00CEE9EB /* Frameworks */,
				F493F26F24BF7FBD00CEE9EB /* Resources */,
			);
			buildRules = (
			);
			dependencies = (
			);
			name = BusinessCardSwiftUI;
			productName = BusinessCardSwiftUI;
			productReference = F493F27124BF7FBE00CEE9EB /* BusinessCardSwiftUI.app */;
			productType = "com.apple.product-type.application";
		};
/* End PBXNativeTarget section */

/* Begin PBXProject section */
		F493F26924BF7FBD00CEE9EB /* Project object */ = {
			isa = PBXProject;
			attributes = {
				LastSwiftUpdateCheck = 1150;
				LastUpgradeCheck = 1150;
				ORGANIZATIONNAME = "Peggy Wollenhaupt";
				TargetAttributes = {
					F493F27024BF7FBD00CEE9EB = {
						CreatedOnToolsVersion = 11.5;
					};
				};
			};
			buildConfigurationList = F493F26C24BF7FBD00CEE9EB /* Build configuration list for PBXProject "BusinessCardSwiftUI" */;
			compatibilityVersion = "Xcode 9.3";
			developmentRegion = en;
			hasScannedForEncodings = 0;
			knownRegions = (
				en,
				Base,
			);
			mainGroup = F493F26824BF7FBD00CEE9EB;
			productRefGroup = F493F27224BF7FBE00CEE9EB /* Products */;
			projectDirPath = "";
			projectRoot = "";
			targets = (
				F493F27024BF7FBD00CEE9EB /* BusinessCardSwiftUI */,
			);
		};
/* End PBXProject section */

/* Begin PBXResourcesBuildPhase section */
		F493F26F24BF7FBD00CEE9EB /* Resources */ = {
			isa = PBXResourcesBuildPhase;
			buildActionMask = 2147483647;
			files = (
				F493F28124BF7FBF00CEE9EB /* LaunchScreen.storyboard in Resources */,
				F493F28A24BF864100CEE9EB /* Caveat-Bold.ttf in Resources */,
				F493F27E24BF7FBF00CEE9EB /* Preview Assets.xcassets in Resources */,
				F493F27B24BF7FBF00CEE9EB /* Assets.xcassets in Resources */,
			);
			runOnlyForDeploymentPostprocessing = 0;
		};
/* End PBXResourcesBuildPhase section */

/* Begin PBXSourcesBuildPhase section */
		F493F26D24BF7FBD00CEE9EB /* Sources */ = {
			isa = PBXSourcesBuildPhase;
			buildActionMask = 2147483647;
			files = (
				F493F29024BF91A000CEE9EB /* InfoView.swift in Sources */,
				F493F27524BF7FBE00CEE9EB /* AppDelegate.swift in Sources */,
				F493F27724BF7FBE00CEE9EB /* SceneDelegate.swift in Sources */,
				F493F27924BF7FBE00CEE9EB /* ContentView.swift in Sources */,
			);
			runOnlyForDeploymentPostprocessing = 0;
		};
/* End PBXSourcesBuildPhase section */

/* Begin PBXVariantGroup section */
		F493F27F24BF7FBF00CEE9EB /* LaunchScreen.storyboard */ = {
			isa = PBXVariantGroup;
			children = (
				F493F28024BF7FBF00CEE9EB /* Base */,
			);
			name = LaunchScreen.storyboard;
			sourceTree = "<group>";
		};
/* End PBXVariantGroup section */

/* Begin XCBuildConfiguration section */
		F493F28324BF7FBF00CEE9EB /* Debug */ = {
			isa = XCBuildConfiguration;
			buildSettings = {
				ALWAYS_SEARCH_USER_PATHS = NO;
				CLANG_ANALYZER_NONNULL = YES;
				CLANG_ANALYZER_NUMBER_OBJECT_CONVERSION = YES_AGGRESSIVE;
				CLANG_CXX_LANGUAGE_STANDARD = "gnu++14";
				CLANG_CXX_LIBRARY = "libc++";
				CLANG_ENABLE_MODULES = YES;
				CLANG_ENABLE_OBJC_ARC = YES;
				CLANG_ENABLE_OBJC_WEAK = YES;
				CLANG_WARN_BLOCK_CAPTURE_AUTORELEASING = YES;
				CLANG_WARN_BOOL_CONVERSION = YES;
				CLANG_WARN_COMMA = YES;
				CLANG_WARN_CONSTANT_CONVERSION = YES;
				CLANG_WARN_DEPRECATED_OBJC_IMPLEMENTATIONS = YES;
				CLANG_WARN_DIRECT_OBJC_ISA_USAGE = YES_ERROR;
				CLANG_WARN_DOCUMENTATION_COMMENTS = YES;
				CLANG_WARN_EMPTY_BODY = YES;
				CLANG_WARN_ENUM_CONVERSION = YES;
				CLANG_WARN_INFINITE_RECURSION = YES;
				CLANG_WARN_INT_CONVERSION = YES;
				CLANG_WARN_NON_LITERAL_NULL_CONVERSION = YES;
				CLANG_WARN_OBJC_IMPLICIT_RETAIN_SELF = YES;
				CLANG_WARN_OBJC_LITERAL_CONVERSION = YES;
				CLANG_WARN_OBJC_ROOT_CLASS = YES_ERROR;
				CLANG_WARN_RANGE_LOOP_ANALYSIS = YES;
				CLANG_WARN_STRICT_PROTOTYPES = YES;
				CLANG_WARN_SUSPICIOUS_MOVE = YES;
				CLANG_WARN_UNGUARDED_AVAILABILITY = YES_AGGRESSIVE;
				CLANG_WARN_UNREACHABLE_CODE = YES;
				CLANG_WARN__DUPLICATE_METHOD_MATCH = YES;
				COPY_PHASE_STRIP = NO;
				DEBUG_INFORMATION_FORMAT = dwarf;
				ENABLE_STRICT_OBJC_MSGSEND = YES;
				ENABLE_TESTABILITY = YES;
				GCC_C_LANGUAGE_STANDARD = gnu11;
				GCC_DYNAMIC_NO_PIC = NO;
				GCC_NO_COMMON_BLOCKS = YES;
				GCC_OPTIMIZATION_LEVEL = 0;
				GCC_PREPROCESSOR_DEFINITIONS = (
					"DEBUG=1",
					"$(inherited)",
				);
				GCC_WARN_64_TO_32_BIT_CONVERSION = YES;
				GCC_WARN_ABOUT_RETURN_TYPE = YES_ERROR;
				GCC_WARN_UNDECLARED_SELECTOR = YES;
				GCC_WARN_UNINITIALIZED_AUTOS = YES_AGGRESSIVE;
				GCC_WARN_UNUSED_FUNCTION = YES;
				GCC_WARN_UNUSED_VARIABLE = YES;
				IPHONEOS_DEPLOYMENT_TARGET = 13.5;
				MTL_ENABLE_DEBUG_INFO = INCLUDE_SOURCE;
				MTL_FAST_MATH = YES;
				ONLY_ACTIVE_ARCH = YES;
				SDKROOT = iphoneos;
				SWIFT_ACTIVE_COMPILATION_CONDITIONS = DEBUG;
				SWIFT_OPTIMIZATION_LEVEL = "-Onone";
			};
			name = Debug;
		};
		F493F28424BF7FBF00CEE9EB /* Release */ = {
			isa = XCBuildConfiguration;
			buildSettings = {
				ALWAYS_SEARCH_USER_PATHS = NO;
				CLANG_ANALYZER_NONNULL = YES;
				CLANG_ANALYZER_NUMBER_OBJECT_CONVERSION = YES_AGGRESSIVE;
				CLANG_CXX_LANGUAGE_STANDARD = "gnu++14";
				CLANG_CXX_LIBRARY = "libc++";
				CLANG_ENABLE_MODULES = YES;
				CLANG_ENABLE_OBJC_ARC = YES;
				CLANG_ENABLE_OBJC_WEAK = YES;
				CLANG_WARN_BLOCK_CAPTURE_AUTORELEASING = YES;
				CLANG_WARN_BOOL_CONVERSION = YES;
				CLANG_WARN_COMMA = YES;
				CLANG_WARN_CONSTANT_CONVERSION = YES;
				CLANG_WARN_DEPRECATED_OBJC_IMPLEMENTATIONS = YES;
				CLANG_WARN_DIRECT_OBJC_ISA_USAGE = YES_ERROR;
				CLANG_WARN_DOCUMENTATION_COMMENTS = YES;
				CLANG_WARN_EMPTY_BODY = YES;
				CLANG_WARN_ENUM_CONVERSION = YES;
				CLANG_WARN_INFINITE_RECURSION = YES;
				CLANG_WARN_INT_CONVERSION = YES;
				CLANG_WARN_NON_LITERAL_NULL_CONVERSION = YES;
				CLANG_WARN_OBJC_IMPLICIT_RETAIN_SELF = YES;
				CLANG_WARN_OBJC_LITERAL_CONVERSION = YES;
				CLANG_WARN_OBJC_ROOT_CLASS = YES_ERROR;
				CLANG_WARN_RANGE_LOOP_ANALYSIS = YES;
				CLANG_WARN_STRICT_PROTOTYPES = YES;
				CLANG_WARN_SUSPICIOUS_MOVE = YES;
				CLANG_WARN_UNGUARDED_AVAILABILITY = YES_AGGRESSIVE;
				CLANG_WARN_UNREACHABLE_CODE = YES;
				CLANG_WARN__DUPLICATE_METHOD_MATCH = YES;
				COPY_PHASE_STRIP = NO;
				DEBUG_INFORMATION_FORMAT = "dwarf-with-dsym";
				ENABLE_NS_ASSERTIONS = NO;
				ENABLE_STRICT_OBJC_MSGSEND = YES;
				GCC_C_LANGUAGE_STANDARD = gnu11;
				GCC_NO_COMMON_BLOCKS = YES;
				GCC_WARN_64_TO_32_BIT_CONVERSION = YES;
				GCC_WARN_ABOUT_RETURN_TYPE = YES_ERROR;
				GCC_WARN_UNDECLARED_SELECTOR = YES;
				GCC_WARN_UNINITIALIZED_AUTOS = YES_AGGRESSIVE;
				GCC_WARN_UNUSED_FUNCTION = YES;
				GCC_WARN_UNUSED_VARIABLE = YES;
				IPHONEOS_DEPLOYMENT_TARGET = 13.5;
				MTL_ENABLE_DEBUG_INFO = NO;
				MTL_FAST_MATH = YES;
				SDKROOT = iphoneos;
				SWIFT_COMPILATION_MODE = wholemodule;
				SWIFT_OPTIMIZATION_LEVEL = "-O";
				VALIDATE_PRODUCT = YES;
			};
			name = Release;
		};
		F493F28624BF7FBF00CEE9EB /* Debug */ = {
			isa = XCBuildConfiguration;
			buildSettings = {
				ASSETCATALOG_COMPILER_APPICON_NAME = AppIcon;
				CODE_SIGN_STYLE = Automatic;
				DEVELOPMENT_ASSET_PATHS = "\"BusinessCardSwiftUI/Preview Content\"";
				DEVELOPMENT_TEAM = AWA886HZ93;
				ENABLE_PREVIEWS = YES;
				INFOPLIST_FILE = BusinessCardSwiftUI/Info.plist;
				LD_RUNPATH_SEARCH_PATHS = (
					"$(inherited)",
					"@executable_path/Frameworks",
				);
				PRODUCT_BUNDLE_IDENTIFIER = com.PeggyWollenhaupt.BusinessCardSwiftUI;
				PRODUCT_NAME = "$(TARGET_NAME)";
				SWIFT_VERSION = 5.0;
				TARGETED_DEVICE_FAMILY = "1,2";
			};
			name = Debug;
		};
		F493F28724BF7FBF00CEE9EB /* Release */ = {
			isa = XCBuildConfiguration;
			buildSettings = {
				ASSETCATALOG_COMPILER_APPICON_NAME = AppIcon;
				CODE_SIGN_STYLE = Automatic;
				DEVELOPMENT_ASSET_PATHS = "\"BusinessCardSwiftUI/Preview Content\"";
				DEVELOPMENT_TEAM = AWA886HZ93;
				ENABLE_PREVIEWS = YES;
				INFOPLIST_FILE = BusinessCardSwiftUI/Info.plist;
				LD_RUNPATH_SEARCH_PATHS = (
					"$(inherited)",
					"@executable_path/Frameworks",
				);
				PRODUCT_BUNDLE_IDENTIFIER = com.PeggyWollenhaupt.BusinessCardSwiftUI;
				PRODUCT_NAME = "$(TARGET_NAME)";
				SWIFT_VERSION = 5.0;
				TARGETED_DEVICE_FAMILY = "1,2";
			};
			name = Release;
		};
/* End XCBuildConfiguration section */

/* Begin XCConfigurationList section */
		F493F26C24BF7FBD00CEE9EB /* Build configuration list for PBXProject "BusinessCardSwiftUI" */ = {
			isa = XCConfigurationList;
			buildConfigurations = (
				F493F28324BF7FBF00CEE9EB /* Debug */,
				F493F28424BF7FBF00CEE9EB /* Release */,
			);
			defaultConfigurationIsVisible = 0;
			defaultConfigurationName = Release;
		};
		F493F28524BF7FBF00CEE9EB /* Build configuration list for PBXNativeTarget "BusinessCardSwiftUI" */ = {
			isa = XCConfigurationList;
			buildConfigurations = (
				F493F28624BF7FBF00CEE9EB /* Debug */,
				F493F28724BF7FBF00CEE9EB /* Release */,
			);
			defaultConfigurationIsVisible = 0;
			defaultConfigurationName = Release;
		};
/* End XCConfigurationList section */
	};
	rootObject = F493F26924BF7FBD00CEE9EB /* Project object */;
}
